
Microsoft Visual Studio Solution File, Format Version 12.00
# Visual Studio Version 16
VisualStudioVersion = 16.0.32901.82
MinimumVisualStudioVersion = 10.0.40219.1
Project("{FAE04EC0-301F-11D3-BF4B-00C04F79EFBC}") = "labwork-14 ex1", "labwork-14 ex1\labwork-14 ex1.csproj", "{95488DE8-8D92-450D-B28C-629DC1CCE00F}"
EndProject
Global
	GlobalSection(SolutionConfigurationPlatforms) = preSolution
		Debug|Any CPU = Debug|Any CPU
		Release|Any CPU = Release|Any CPU
	EndGlobalSection
	GlobalSection(ProjectConfigurationPlatforms) = postSolution
		{95488DE8-8D92-450D-B28C-629DC1CCE00F}.Debug|Any CPU.ActiveCfg = Debug|Any CPU
		{95488DE8-8D92-450D-B28C-629DC1CCE00F}.Debug|Any CPU.Build.0 = Debug|Any CPU
		{95488DE8-8D92-450D-B28C-629DC1CCE00F}.Release|Any CPU.ActiveCfg = Release|Any CPU
		{95488DE8-8D92-450D-B28C-629DC1CCE00F}.Release|Any CPU.Build.0 = Release|Any CPU
	EndGlobalSection
	GlobalSection(SolutionProperties) = preSolution
		HideSolutionNode = FALSE
	EndGlobalSection
	GlobalSection(ExtensibilityGlobals) = postSolution
		SolutionGuid = {96470408-B8D8-45C2-8251-A2B48E227D64}
	EndGlobalSection
EndGlobal
